{
  "name": "guardian-ui-package-test",
  "lockfileVersion": 3,
  "requires": true,
  "packages": {
    "": {
      "dependencies": {
        "is-number": "file:C:/Users/kenle/.guardianagent/package-quarantine/a1cf69cb-6f58-41fc-bec0-20257a424ba3/downloads/is-number-7.0.0.tgz"
      }
    },
    "node_modules/is-number": {
      "version": "7.0.0",
      "resolved": "file:C:/Users/kenle/.guardianagent/package-quarantine/a1cf69cb-6f58-41fc-bec0-20257a424ba3/downloads/is-number-7.0.0.tgz",
      "integrity": "sha512-41Cifkg6e8TylSpdtTpeLVMqvSBEVzTttHvERD741+pnZ8ANv0004MRL43QKPDlK9cGvNp6NZWZUBlbGXYxxng==",
      "license": "MIT",
      "engines": {
        "node": ">=0.12.0"
      }
    }
  }
}
